
Microsoft Visual Studio Solution File, Format Version 12.00
# Visual Studio 15
VisualStudioVersion = 15.0.27428.2015
MinimumVisualStudioVersion = 10.0.40219.1
Project("{FAE04EC0-301F-11D3-BF4B-00C04F79EFBC}") = "TF2-Config-Generator", "TF2-Config-Generator\TF2-Config-Generator.csproj", "{CE9B7D07-B373-423B-8028-A786C7D60841}"
EndProject
Global
	GlobalSection(SolutionConfigurationPlatforms) = preSolution
		Debug|Any CPU = Debug|Any CPU
		Release|Any CPU = Release|Any CPU
	EndGlobalSection
	GlobalSection(ProjectConfigurationPlatforms) = postSolution
		{CE9B7D07-B373-423B-8028-A786C7D60841}.Debug|Any CPU.ActiveCfg = Debug|Any CPU
		{CE9B7D07-B373-423B-8028-A786C7D60841}.Debug|Any CPU.Build.0 = Debug|Any CPU
		{CE9B7D07-B373-423B-8028-A786C7D60841}.Release|Any CPU.ActiveCfg = Release|Any CPU
		{CE9B7D07-B373-423B-8028-A786C7D60841}.Release|Any CPU.Build.0 = Release|Any CPU
	EndGlobalSection
	GlobalSection(SolutionProperties) = preSolution
		HideSolutionNode = FALSE
	EndGlobalSection
	GlobalSection(ExtensibilityGlobals) = postSolution
		SolutionGuid = {EE84552F-4045-458B-A5FA-E88164F74405}
	EndGlobalSection
EndGlobal
